
Microsoft Visual Studio Solution File, Format Version 12.00
# Visual Studio Version 17
VisualStudioVersion = 17.9.34616.47
MinimumVisualStudioVersion = 10.0.40219.1
Project("{8BC9CEB8-8B4A-11D0-8D11-00A0C91BC942}") = "static variabel", "static variabel\static variabel.vcxproj", "{9B244471-F974-4B1B-813F-58178306DA8E}"
EndProject
Project("{8BC9CEB8-8B4A-11D0-8D11-00A0C91BC942}") = "function", "function\function.vcxproj", "{43A3C06E-9783-41FD-B5C9-1D18B8B21C17}"
EndProject
Global
	GlobalSection(SolutionConfigurationPlatforms) = preSolution
		Debug|x64 = Debug|x64
		Debug|x86 = Debug|x86
		Release|x64 = Release|x64
		Release|x86 = Release|x86
	EndGlobalSection
	GlobalSection(ProjectConfigurationPlatforms) = postSolution
		{9B244471-F974-4B1B-813F-58178306DA8E}.Debug|x64.ActiveCfg = Debug|x64
		{9B244471-F974-4B1B-813F-58178306DA8E}.Debug|x64.Build.0 = Debug|x64
		{9B244471-F974-4B1B-813F-58178306DA8E}.Debug|x86.ActiveCfg = Debug|Win32
		{9B244471-F974-4B1B-813F-58178306DA8E}.Debug|x86.Build.0 = Debug|Win32
		{9B244471-F974-4B1B-813F-58178306DA8E}.Release|x64.ActiveCfg = Release|x64
		{9B244471-F974-4B1B-813F-58178306DA8E}.Release|x64.Build.0 = Release|x64
		{9B244471-F974-4B1B-813F-58178306DA8E}.Release|x86.ActiveCfg = Release|Win32
		{9B244471-F974-4B1B-813F-58178306DA8E}.Release|x86.Build.0 = Release|Win32
		{43A3C06E-9783-41FD-B5C9-1D18B8B21C17}.Debug|x64.ActiveCfg = Debug|x64
		{43A3C06E-9783-41FD-B5C9-1D18B8B21C17}.Debug|x64.Build.0 = Debug|x64
		{43A3C06E-9783-41FD-B5C9-1D18B8B21C17}.Debug|x86.ActiveCfg = Debug|Win32
		{43A3C06E-9783-41FD-B5C9-1D18B8B21C17}.Debug|x86.Build.0 = Debug|Win32
		{43A3C06E-9783-41FD-B5C9-1D18B8B21C17}.Release|x64.ActiveCfg = Release|x64
		{43A3C06E-9783-41FD-B5C9-1D18B8B21C17}.Release|x64.Build.0 = Release|x64
		{43A3C06E-9783-41FD-B5C9-1D18B8B21C17}.Release|x86.ActiveCfg = Release|Win32
		{43A3C06E-9783-41FD-B5C9-1D18B8B21C17}.Release|x86.Build.0 = Release|Win32
	EndGlobalSection
	GlobalSection(SolutionProperties) = preSolution
		HideSolutionNode = FALSE
	EndGlobalSection
	GlobalSection(ExtensibilityGlobals) = postSolution
		SolutionGuid = {0417C3AB-2C6B-419B-BFFF-88168E508CAA}
	EndGlobalSection
EndGlobal
